
Microsoft Visual Studio Solution File, Format Version 12.00
# Visual Studio Version 17
VisualStudioVersion = 17.11.35222.181
MinimumVisualStudioVersion = 10.0.40219.1
Project("{FAE04EC0-301F-11D3-BF4B-00C04F79EFBC}") = "AutoSalonApp1", "AutoSalonApp1\AutoSalonApp1.csproj", "{AF788178-27A6-4355-AB18-17A101232B74}"
EndProject
Global
	GlobalSection(SolutionConfigurationPlatforms) = preSolution
		Debug|Any CPU = Debug|Any CPU
		Release|Any CPU = Release|Any CPU
	EndGlobalSection
	GlobalSection(ProjectConfigurationPlatforms) = postSolution
		{AF788178-27A6-4355-AB18-17A101232B74}.Debug|Any CPU.ActiveCfg = Debug|Any CPU
		{AF788178-27A6-4355-AB18-17A101232B74}.Debug|Any CPU.Build.0 = Debug|Any CPU
		{AF788178-27A6-4355-AB18-17A101232B74}.Release|Any CPU.ActiveCfg = Release|Any CPU
		{AF788178-27A6-4355-AB18-17A101232B74}.Release|Any CPU.Build.0 = Release|Any CPU
	EndGlobalSection
	GlobalSection(SolutionProperties) = preSolution
		HideSolutionNode = FALSE
	EndGlobalSection
	GlobalSection(ExtensibilityGlobals) = postSolution
		SolutionGuid = {4566D5C8-B24B-4AD7-A691-31C230426957}
	EndGlobalSection
EndGlobal
